
Microsoft Visual Studio Solution File, Format Version 12.00
# Visual Studio Version 16
VisualStudioVersion = 16.0.30225.117
MinimumVisualStudioVersion = 10.0.40219.1
Project("{FAE04EC0-301F-11D3-BF4B-00C04F79EFBC}") = "SffViewer", "SffViewer.csproj", "{9478208D-60C7-4F6A-B2E4-6325D38139DA}"
EndProject
Project("{9A19103F-16F7-4668-BE54-9A1E7A4F7556}") = "Spectrogram", "..\..\..\src\Spectrogram\Spectrogram.csproj", "{C7CFB0DF-CE0A-421F-8843-33C542724709}"
EndProject
Global
	GlobalSection(SolutionConfigurationPlatforms) = preSolution
		Debug|Any CPU = Debug|Any CPU
		Release|Any CPU = Release|Any CPU
	EndGlobalSection
	GlobalSection(ProjectConfigurationPlatforms) = postSolution
		{9478208D-60C7-4F6A-B2E4-6325D38139DA}.Debug|Any CPU.ActiveCfg = Debug|Any CPU
		{9478208D-60C7-4F6A-B2E4-6325D38139DA}.Debug|Any CPU.Build.0 = Debug|Any CPU
		{9478208D-60C7-4F6A-B2E4-6325D38139DA}.Release|Any CPU.ActiveCfg = Release|Any CPU
		{9478208D-60C7-4F6A-B2E4-6325D38139DA}.Release|Any CPU.Build.0 = Release|Any CPU
		{C7CFB0DF-CE0A-421F-8843-33C542724709}.Debug|Any CPU.ActiveCfg = Debug|Any CPU
		{C7CFB0DF-CE0A-421F-8843-33C542724709}.Debug|Any CPU.Build.0 = Debug|Any CPU
		{C7CFB0DF-CE0A-421F-8843-33C542724709}.Release|Any CPU.ActiveCfg = Release|Any CPU
		{C7CFB0DF-CE0A-421F-8843-33C542724709}.Release|Any CPU.Build.0 = Release|Any CPU
	EndGlobalSection
	GlobalSection(SolutionProperties) = preSolution
		HideSolutionNode = FALSE
	EndGlobalSection
	GlobalSection(ExtensibilityGlobals) = postSolution
		SolutionGuid = {A452FE77-7135-4814-9FDD-A71D2A3591BC}
	EndGlobalSection
EndGlobal
