
Microsoft Visual Studio Solution File, Format Version 12.00
# Visual Studio Version 16
VisualStudioVersion = 16.0.30128.74
MinimumVisualStudioVersion = 10.0.40219.1
Project("{FAE04EC0-301F-11D3-BF4B-00C04F79EFBC}") = "Spectrogram", "Spectrogram\Spectrogram.csproj", "{6FF83EDD-E18A-4EDD-8D53-D2281515AC47}"
EndProject
Project("{FAE04EC0-301F-11D3-BF4B-00C04F79EFBC}") = "Spectrogram.Dev", "Spectrogram.Dev\Spectrogram.Dev.csproj", "{8C42A3FE-BE35-46EE-AF09-09427941E857}"
EndProject
Global
	GlobalSection(SolutionConfigurationPlatforms) = preSolution
		Debug|Any CPU = Debug|Any CPU
		Release|Any CPU = Release|Any CPU
	EndGlobalSection
	GlobalSection(ProjectConfigurationPlatforms) = postSolution
		{6FF83EDD-E18A-4EDD-8D53-D2281515AC47}.Debug|Any CPU.ActiveCfg = Debug|Any CPU
		{6FF83EDD-E18A-4EDD-8D53-D2281515AC47}.Debug|Any CPU.Build.0 = Debug|Any CPU
		{6FF83EDD-E18A-4EDD-8D53-D2281515AC47}.Release|Any CPU.ActiveCfg = Release|Any CPU
		{6FF83EDD-E18A-4EDD-8D53-D2281515AC47}.Release|Any CPU.Build.0 = Release|Any CPU
		{8C42A3FE-BE35-46EE-AF09-09427941E857}.Debug|Any CPU.ActiveCfg = Debug|Any CPU
		{8C42A3FE-BE35-46EE-AF09-09427941E857}.Debug|Any CPU.Build.0 = Debug|Any CPU
		{8C42A3FE-BE35-46EE-AF09-09427941E857}.Release|Any CPU.ActiveCfg = Release|Any CPU
		{8C42A3FE-BE35-46EE-AF09-09427941E857}.Release|Any CPU.Build.0 = Release|Any CPU
	EndGlobalSection
	GlobalSection(SolutionProperties) = preSolution
		HideSolutionNode = FALSE
	EndGlobalSection
	GlobalSection(ExtensibilityGlobals) = postSolution
		SolutionGuid = {027B0366-F1D7-426F-B064-71E97E3248C1}
	EndGlobalSection
EndGlobal
